
Microsoft Visual Studio Solution File, Format Version 12.00
# Visual Studio Version 16
VisualStudioVersion = 16.0.31019.35
MinimumVisualStudioVersion = 10.0.40219.1
Project("{FAE04EC0-301F-11D3-BF4B-00C04F79EFBC}") = "P2", "P2.csproj", "{1B1850A7-CF97-48AF-A58C-478A09D941BA}"
EndProject
Global
	GlobalSection(SolutionConfigurationPlatforms) = preSolution
		Debug|Any CPU = Debug|Any CPU
		Release|Any CPU = Release|Any CPU
	EndGlobalSection
	GlobalSection(ProjectConfigurationPlatforms) = postSolution
		{1B1850A7-CF97-48AF-A58C-478A09D941BA}.Debug|Any CPU.ActiveCfg = Debug|Any CPU
		{1B1850A7-CF97-48AF-A58C-478A09D941BA}.Debug|Any CPU.Build.0 = Debug|Any CPU
		{1B1850A7-CF97-48AF-A58C-478A09D941BA}.Release|Any CPU.ActiveCfg = Release|Any CPU
		{1B1850A7-CF97-48AF-A58C-478A09D941BA}.Release|Any CPU.Build.0 = Release|Any CPU
	EndGlobalSection
	GlobalSection(SolutionProperties) = preSolution
		HideSolutionNode = FALSE
	EndGlobalSection
	GlobalSection(ExtensibilityGlobals) = postSolution
		SolutionGuid = {CC9BAC85-08D4-4DAC-B5B9-5926A94919B9}
	EndGlobalSection
EndGlobal
